
Microsoft Visual Studio Solution File, Format Version 12.00
# Visual Studio Version 16
VisualStudioVersion = 16.0.30204.135
MinimumVisualStudioVersion = 10.0.40219.1
Project("{FAE04EC0-301F-11D3-BF4B-00C04F79EFBC}") = "LearnCSharp", "LearnCSharp\LearnCSharp.csproj", "{C6FB9CB9-D40A-4B85-93AA-2D659409384C}"
EndProject
Project("{2150E333-8FDC-42A3-9474-1A3956D46DE8}") = "Solution Items", "Solution Items", "{585A4F1E-89A5-40D0-8E10-A0A66A1ECFF9}"
EndProject
Project("{FAE04EC0-301F-11D3-BF4B-00C04F79EFBC}") = "ConsoleApp1", "ConsoleApp1\ConsoleApp1.csproj", "{13AC34A4-E2D3-454D-A66B-E873FFBFB2C8}"
EndProject
Global
	GlobalSection(SolutionConfigurationPlatforms) = preSolution
		Debug|Any CPU = Debug|Any CPU
		Release|Any CPU = Release|Any CPU
	EndGlobalSection
	GlobalSection(ProjectConfigurationPlatforms) = postSolution
		{C6FB9CB9-D40A-4B85-93AA-2D659409384C}.Debug|Any CPU.ActiveCfg = Debug|Any CPU
		{C6FB9CB9-D40A-4B85-93AA-2D659409384C}.Debug|Any CPU.Build.0 = Debug|Any CPU
		{C6FB9CB9-D40A-4B85-93AA-2D659409384C}.Release|Any CPU.ActiveCfg = Release|Any CPU
		{C6FB9CB9-D40A-4B85-93AA-2D659409384C}.Release|Any CPU.Build.0 = Release|Any CPU
		{13AC34A4-E2D3-454D-A66B-E873FFBFB2C8}.Debug|Any CPU.ActiveCfg = Debug|Any CPU
		{13AC34A4-E2D3-454D-A66B-E873FFBFB2C8}.Debug|Any CPU.Build.0 = Debug|Any CPU
		{13AC34A4-E2D3-454D-A66B-E873FFBFB2C8}.Release|Any CPU.ActiveCfg = Release|Any CPU
		{13AC34A4-E2D3-454D-A66B-E873FFBFB2C8}.Release|Any CPU.Build.0 = Release|Any CPU
	EndGlobalSection
	GlobalSection(SolutionProperties) = preSolution
		HideSolutionNode = FALSE
	EndGlobalSection
	GlobalSection(ExtensibilityGlobals) = postSolution
		SolutionGuid = {DDA558E8-E6DF-408D-97E6-9D6E449332DB}
	EndGlobalSection
EndGlobal
